Microsoft Visual Studio Solution File, Format Version 9.00
# Visual Studio 2005
Project("{F184B08F-C81C-45F6-A57F-5ABD9991F28F}") = "WindowsApplication1", "WindowsApplication1\WindowsApplication1.vbproj", "{A22CDA09-B3D9-4F77-8F43-38D9EB4AD025}"
	ProjectSection(WebsiteProperties) = preProject
		Debug.AspNetCompiler.Debug = "True"
		Release.AspNetCompiler.Debug = "False"
	EndProjectSection
EndProject
Global
	GlobalSection(SolutionConfigurationPlatforms) = preSolution
		Debug|Any CPU = Debug|Any CPU
		Release|Any CPU = Release|Any CPU
	EndGlobalSection
	GlobalSection(ProjectConfigurationPlatforms) = postSolution
		{A22CDA09-B3D9-4F77-8F43-38D9EB4AD025}.Debug|Any CPU.ActiveCfg = Debug|Any CPU
		{A22CDA09-B3D9-4F77-8F43-38D9EB4AD025}.Debug|Any CPU.Build.0 = Debug|Any CPU
		{A22CDA09-B3D9-4F77-8F43-38D9EB4AD025}.Release|Any CPU.ActiveCfg = Release|Any CPU
		{A22CDA09-B3D9-4F77-8F43-38D9EB4AD025}.Release|Any CPU.Build.0 = Release|Any CPU
	EndGlobalSection
	GlobalSection(SolutionProperties) = preSolution
		HideSolutionNode = FALSE
	EndGlobalSection
EndGlobal
